
Microsoft Visual Studio Solution File, Format Version 12.00
# Visual Studio 14
VisualStudioVersion = 14.0.25420.1
MinimumVisualStudioVersion = 10.0.40219.1
Project("{FAE04EC0-301F-11D3-BF4B-00C04F79EFBC}") = "XamarinForms", "XamarinForms\XamarinForms\XamarinForms.csproj", "{4011C969-8629-4D47-A64B-9F62E61299B7}"
EndProject
Project("{FAE04EC0-301F-11D3-BF4B-00C04F79EFBC}") = "XamarinForms.Droid", "XamarinForms\XamarinForms.Droid\XamarinForms.Droid.csproj", "{CF7DC324-231F-4CED-9B16-CF64A0774A97}"
EndProject
Project("{FAE04EC0-301F-11D3-BF4B-00C04F79EFBC}") = "XamarinForms.iOS", "XamarinForms\XamarinForms.iOS\XamarinForms.iOS.csproj", "{732B3282-02A1-4216-9DB1-91CDABC493D3}"
EndProject
Project("{FAE04EC0-301F-11D3-BF4B-00C04F79EFBC}") = "XamarinForms.WinPhone", "XamarinForms\XamarinForms.WinPhone\XamarinForms.WinPhone.csproj", "{517C4AC8-2AF6-4A94-B168-7EAE8E110FC3}"
EndProject
Project("{FAE04EC0-301F-11D3-BF4B-00C04F79EFBC}") = "XamarinForms.UWP", "XamarinForms\XamarinForms.UWP\XamarinForms.UWP.csproj", "{E6362B47-78D7-49A5-B218-75FB5066608C}"
EndProject
Project("{FAE04EC0-301F-11D3-BF4B-00C04F79EFBC}") = "XamarinForms.Windows", "XamarinForms\XamarinForms.Windows\XamarinForms.Windows.csproj", "{5DDEB973-B015-49B4-B225-817F844C5D13}"
EndProject
Global
	GlobalSection(SolutionConfigurationPlatforms) = preSolution
		Ad-Hoc|Any CPU = Ad-Hoc|Any CPU
		Ad-Hoc|ARM = Ad-Hoc|ARM
		Ad-Hoc|iPhone = Ad-Hoc|iPhone
		Ad-Hoc|iPhoneSimulator = Ad-Hoc|iPhoneSimulator
		Ad-Hoc|x64 = Ad-Hoc|x64
		Ad-Hoc|x86 = Ad-Hoc|x86
		AppStore|Any CPU = AppStore|Any CPU
		AppStore|ARM = AppStore|ARM
		AppStore|iPhone = AppStore|iPhone
		AppStore|iPhoneSimulator = AppStore|iPhoneSimulator
		AppStore|x64 = AppStore|x64
		AppStore|x86 = AppStore|x86
		Debug|Any CPU = Debug|Any CPU
		Debug|ARM = Debug|ARM
		Debug|iPhone = Debug|iPhone
		Debug|iPhoneSimulator = Debug|iPhoneSimulator
		Debug|x64 = Debug|x64
		Debug|x86 = Debug|x86
		Release|Any CPU = Release|Any CPU
		Release|ARM = Release|ARM
		Release|iPhone = Release|iPhone
		Release|iPhoneSimulator = Release|iPhoneSimulator
		Release|x64 = Release|x64
		Release|x86 = Release|x86
	EndGlobalSection
	GlobalSection(ProjectConfigurationPlatforms) = postSolution
		{4011C969-8629-4D47-A64B-9F62E61299B7}.Ad-Hoc|Any CPU.ActiveCfg = Release|Any CPU
		{4011C969-8629-4D47-A64B-9F62E61299B7}.Ad-Hoc|Any CPU.Build.0 = Release|Any CPU
		{4011C969-8629-4D47-A64B-9F62E61299B7}.Ad-Hoc|ARM.ActiveCfg = Release|Any CPU
		{4011C969-8629-4D47-A64B-9F62E61299B7}.Ad-Hoc|ARM.Build.0 = Release|Any CPU
		{4011C969-8629-4D47-A64B-9F62E61299B7}.Ad-Hoc|iPhone.ActiveCfg = Release|Any CPU
		{4011C969-8629-4D47-A64B-9F62E61299B7}.Ad-Hoc|iPhone.Build.0 = Release|Any CPU
		{4011C969-8629-4D47-A64B-9F62E61299B7}.Ad-Hoc|iPhoneSimulator.ActiveCfg = Release|Any CPU
		{4011C969-8629-4D47-A64B-9F62E61299B7}.Ad-Hoc|iPhoneSimulator.Build.0 = Release|Any CPU
		{4011C969-8629-4D47-A64B-9F62E61299B7}.Ad-Hoc|x64.ActiveCfg = Release|Any CPU
		{4011C969-8629-4D47-A64B-9F62E61299B7}.Ad-Hoc|x64.Build.0 = Release|Any CPU
		{4011C969-8629-4D47-A64B-9F62E61299B7}.Ad-Hoc|x86.ActiveCfg = Release|Any CPU
		{4011C969-8629-4D47-A64B-9F62E61299B7}.Ad-Hoc|x86.Build.0 = Release|Any CPU
		{4011C969-8629-4D47-A64B-9F62E61299B7}.AppStore|Any CPU.ActiveCfg = Release|Any CPU
		{4011C969-8629-4D47-A64B-9F62E61299B7}.AppStore|Any CPU.Build.0 = Release|Any CPU
		{4011C969-8629-4D47-A64B-9F62E61299B7}.AppStore|ARM.ActiveCfg = Release|Any CPU
		{4011C969-8629-4D47-A64B-9F62E61299B7}.AppStore|ARM.Build.0 = Release|Any CPU
		{4011C969-8629-4D47-A64B-9F62E61299B7}.AppStore|iPhone.ActiveCfg = Release|Any CPU
		{4011C969-8629-4D47-A64B-9F62E61299B7}.AppStore|iPhone.Build.0 = Release|Any CPU
		{4011C969-8629-4D47-A64B-9F62E61299B7}.AppStore|iPhoneSimulator.ActiveCfg = Release|Any CPU
		{4011C969-8629-4D47-A64B-9F62E61299B7}.AppStore|iPhoneSimulator.Build.0 = Release|Any CPU
		{4011C969-8629-4D47-A64B-9F62E61299B7}.AppStore|x64.ActiveCfg = Release|Any CPU
		{4011C969-8629-4D47-A64B-9F62E61299B7}.AppStore|x64.Build.0 = Release|Any CPU
		{4011C969-8629-4D47-A64B-9F62E61299B7}.AppStore|x86.ActiveCfg = Release|Any CPU
		{4011C969-8629-4D47-A64B-9F62E61299B7}.AppStore|x86.Build.0 = Release|Any CPU
		{4011C969-8629-4D47-A64B-9F62E61299B7}.Debug|Any CPU.ActiveCfg = Debug|Any CPU
		{4011C969-8629-4D47-A64B-9F62E61299B7}.Debug|Any CPU.Build.0 = Debug|Any CPU
		{4011C969-8629-4D47-A64B-9F62E61299B7}.Debug|ARM.ActiveCfg = Debug|Any CPU
		{4011C969-8629-4D47-A64B-9F62E61299B7}.Debug|ARM.Build.0 = Debug|Any CPU
		{4011C969-8629-4D47-A64B-9F62E61299B7}.Debug|iPhone.ActiveCfg = Debug|Any CPU
		{4011C969-8629-4D47-A64B-9F62E61299B7}.Debug|iPhone.Build.0 = Debug|Any CPU
		{4011C969-8629-4D47-A64B-9F62E61299B7}.Debug|iPhoneSimulator.ActiveCfg = Debug|Any CPU
		{4011C969-8629-4D47-A64B-9F62E61299B7}.Debug|iPhoneSimulator.Build.0 = Debug|Any CPU
		{4011C969-8629-4D47-A64B-9F62E61299B7}.Debug|x64.ActiveCfg = Debug|Any CPU
		{4011C969-8629-4D47-A64B-9F62E61299B7}.Debug|x64.Build.0 = Debug|Any CPU
		{4011C969-8629-4D47-A64B-9F62E61299B7}.Debug|x86.ActiveCfg = Debug|Any CPU
		{4011C969-8629-4D47-A64B-9F62E61299B7}.Debug|x86.Build.0 = Debug|Any CPU
		{4011C969-8629-4D47-A64B-9F62E61299B7}.Release|Any CPU.ActiveCfg = Release|Any CPU
		{4011C969-8629-4D47-A64B-9F62E61299B7}.Release|Any CPU.Build.0 = Release|Any CPU
		{4011C969-8629-4D47-A64B-9F62E61299B7}.Release|ARM.ActiveCfg = Release|Any CPU
		{4011C969-8629-4D47-A64B-9F62E61299B7}.Release|ARM.Build.0 = Release|Any CPU
		{4011C969-8629-4D47-A64B-9F62E61299B7}.Release|iPhone.ActiveCfg = Release|Any CPU
		{4011C969-8629-4D47-A64B-9F62E61299B7}.Release|iPhone.Build.0 = Release|Any CPU
		{4011C969-8629-4D47-A64B-9F62E61299B7}.Release|iPhoneSimulator.ActiveCfg = Release|Any CPU
		{4011C969-8629-4D47-A64B-9F62E61299B7}.Release|iPhoneSimulator.Build.0 = Release|Any CPU
		{4011C969-8629-4D47-A64B-9F62E61299B7}.Release|x64.ActiveCfg = Release|Any CPU
		{4011C969-8629-4D47-A64B-9F62E61299B7}.Release|x64.Build.0 = Release|Any CPU
		{4011C969-8629-4D47-A64B-9F62E61299B7}.Release|x86.ActiveCfg = Release|Any CPU
		{4011C969-8629-4D47-A64B-9F62E61299B7}.Release|x86.Build.0 = Release|Any CPU
		{CF7DC324-231F-4CED-9B16-CF64A0774A97}.Ad-Hoc|Any CPU.ActiveCfg = Release|Any CPU
		{CF7DC324-231F-4CED-9B16-CF64A0774A97}.Ad-Hoc|Any CPU.Build.0 = Release|Any CPU
		{CF7DC324-231F-4CED-9B16-CF64A0774A97}.Ad-Hoc|Any CPU.Deploy.0 = Release|Any CPU
		{CF7DC324-231F-4CED-9B16-CF64A0774A97}.Ad-Hoc|ARM.ActiveCfg = Release|Any CPU
		{CF7DC324-231F-4CED-9B16-CF64A0774A97}.Ad-Hoc|ARM.Build.0 = Release|Any CPU
		{CF7DC324-231F-4CED-9B16-CF64A0774A97}.Ad-Hoc|ARM.Deploy.0 = Release|Any CPU
		{CF7DC324-231F-4CED-9B16-CF64A0774A97}.Ad-Hoc|iPhone.ActiveCfg = Release|Any CPU
		{CF7DC324-231F-4CED-9B16-CF64A0774A97}.Ad-Hoc|iPhone.Build.0 = Release|Any CPU
		{CF7DC324-231F-4CED-9B16-CF64A0774A97}.Ad-Hoc|iPhone.Deploy.0 = Release|Any CPU
		{CF7DC324-231F-4CED-9B16-CF64A0774A97}.Ad-Hoc|iPhoneSimulator.ActiveCfg = Release|Any CPU
		{CF7DC324-231F-4CED-9B16-CF64A0774A97}.Ad-Hoc|iPhoneSimulator.Build.0 = Release|Any CPU
		{CF7DC324-231F-4CED-9B16-CF64A0774A97}.Ad-Hoc|iPhoneSimulator.Deploy.0 = Release|Any CPU
		{CF7DC324-231F-4CED-9B16-CF64A0774A97}.Ad-Hoc|x64.ActiveCfg = Release|Any CPU
		{CF7DC324-231F-4CED-9B16-CF64A0774A97}.Ad-Hoc|x64.Build.0 = Release|Any CPU
		{CF7DC324-231F-4CED-9B16-CF64A0774A97}.Ad-Hoc|x64.Deploy.0 = Release|Any CPU
		{CF7DC324-231F-4CED-9B16-CF64A0774A97}.Ad-Hoc|x86.ActiveCfg = Release|Any CPU
		{CF7DC324-231F-4CED-9B16-CF64A0774A97}.Ad-Hoc|x86.Build.0 = Release|Any CPU
		{CF7DC324-231F-4CED-9B16-CF64A0774A97}.Ad-Hoc|x86.Deploy.0 = Release|Any CPU
		{CF7DC324-231F-4CED-9B16-CF64A0774A97}.AppStore|Any CPU.ActiveCfg = Release|Any CPU
		{CF7DC324-231F-4CED-9B16-CF64A0774A97}.AppStore|Any CPU.Build.0 = Release|Any CPU
		{CF7DC324-231F-4CED-9B16-CF64A0774A97}.AppStore|Any CPU.Deploy.0 = Release|Any CPU
		{CF7DC324-231F-4CED-9B16-CF64A0774A97}.AppStore|ARM.ActiveCfg = Release|Any CPU
		{CF7DC324-231F-4CED-9B16-CF64A0774A97}.AppStore|ARM.Build.0 = Release|Any CPU
		{CF7DC324-231F-4CED-9B16-CF64A0774A97}.AppStore|ARM.Deploy.0 = Release|Any CPU
		{CF7DC324-231F-4CED-9B16-CF64A0774A97}.AppStore|iPhone.ActiveCfg = Release|Any CPU
		{CF7DC324-231F-4CED-9B16-CF64A0774A97}.AppStore|iPhone.Build.0 = Release|Any CPU
		{CF7DC324-231F-4CED-9B16-CF64A0774A97}.AppStore|iPhone.Deploy.0 = Release|Any CPU
		{CF7DC324-231F-4CED-9B16-CF64A0774A97}.AppStore|iPhoneSimulator.ActiveCfg = Release|Any CPU
		{CF7DC324-231F-4CED-9B16-CF64A0774A97}.AppStore|iPhoneSimulator.Build.0 = Release|Any CPU
		{CF7DC324-231F-4CED-9B16-CF64A0774A97}.AppStore|iPhoneSimulator.Deploy.0 = Release|Any CPU
		{CF7DC324-231F-4CED-9B16-CF64A0774A97}.AppStore|x64.ActiveCfg = Release|Any CPU
		{CF7DC324-231F-4CED-9B16-CF64A0774A97}.AppStore|x64.Build.0 = Release|Any CPU
		{CF7DC324-231F-4CED-9B16-CF64A0774A97}.AppStore|x64.Deploy.0 = Release|Any CPU
		{CF7DC324-231F-4CED-9B16-CF64A0774A97}.AppStore|x86.ActiveCfg = Release|Any CPU
		{CF7DC324-231F-4CED-9B16-CF64A0774A97}.AppStore|x86.Build.0 = Release|Any CPU
		{CF7DC324-231F-4CED-9B16-CF64A0774A97}.AppStore|x86.Deploy.0 = Release|Any CPU
		{CF7DC324-231F-4CED-9B16-CF64A0774A97}.Debug|Any CPU.ActiveCfg = Debug|Any CPU
		{CF7DC324-231F-4CED-9B16-CF64A0774A97}.Debug|Any CPU.Build.0 = Debug|Any CPU
		{CF7DC324-231F-4CED-9B16-CF64A0774A97}.Debug|Any CPU.Deploy.0 = Debug|Any CPU
		{CF7DC324-231F-4CED-9B16-CF64A0774A97}.Debug|ARM.ActiveCfg = Debug|Any CPU
		{CF7DC324-231F-4CED-9B16-CF64A0774A97}.Debug|ARM.Build.0 = Debug|Any CPU
		{CF7DC324-231F-4CED-9B16-CF64A0774A97}.Debug|ARM.Deploy.0 = Debug|Any CPU
		{CF7DC324-231F-4CED-9B16-CF64A0774A97}.Debug|iPhone.ActiveCfg = Debug|Any CPU
		{CF7DC324-231F-4CED-9B16-CF64A0774A97}.Debug|iPhone.Build.0 = Debug|Any CPU
		{CF7DC324-231F-4CED-9B16-CF64A0774A97}.Debug|iPhone.Deploy.0 = Debug|Any CPU
		{CF7DC324-231F-4CED-9B16-CF64A0774A97}.Debug|iPhoneSimulator.ActiveCfg = Debug|Any CPU
		{CF7DC324-231F-4CED-9B16-CF64A0774A97}.Debug|iPhoneSimulator.Build.0 = Debug|Any CPU
		{CF7DC324-231F-4CED-9B16-CF64A0774A97}.Debug|iPhoneSimulator.Deploy.0 = Debug|Any CPU
		{CF7DC324-231F-4CED-9B16-CF64A0774A97}.Debug|x64.ActiveCfg = Debug|Any CPU
		{CF7DC324-231F-4CED-9B16-CF64A0774A97}.Debug|x64.Build.0 = Debug|Any CPU
		{CF7DC324-231F-4CED-9B16-CF64A0774A97}.Debug|x64.Deploy.0 = Debug|Any CPU
		{CF7DC324-231F-4CED-9B16-CF64A0774A97}.Debug|x86.ActiveCfg = Debug|Any CPU
		{CF7DC324-231F-4CED-9B16-CF64A0774A97}.Debug|x86.Build.0 = Debug|Any CPU
		{CF7DC324-231F-4CED-9B16-CF64A0774A97}.Debug|x86.Deploy.0 = Debug|Any CPU
		{CF7DC324-231F-4CED-9B16-CF64A0774A97}.Release|Any CPU.ActiveCfg = Release|Any CPU
		{CF7DC324-231F-4CED-9B16-CF64A0774A97}.Release|Any CPU.Build.0 = Release|Any CPU
		{CF7DC324-231F-4CED-9B16-CF64A0774A97}.Release|Any CPU.Deploy.0 = Release|Any CPU
		{CF7DC324-231F-4CED-9B16-CF64A0774A97}.Release|ARM.ActiveCfg = Release|Any CPU
		{CF7DC324-231F-4CED-9B16-CF64A0774A97}.Release|ARM.Build.0 = Release|Any CPU
		{CF7DC324-231F-4CED-9B16-CF64A0774A97}.Release|ARM.Deploy.0 = Release|Any CPU
		{CF7DC324-231F-4CED-9B16-CF64A0774A97}.Release|iPhone.ActiveCfg = Release|Any CPU
		{CF7DC324-231F-4CED-9B16-CF64A0774A97}.Release|iPhone.Build.0 = Release|Any CPU
		{CF7DC324-231F-4CED-9B16-CF64A0774A97}.Release|iPhone.Deploy.0 = Release|Any CPU
		{CF7DC324-231F-4CED-9B16-CF64A0774A97}.Release|iPhoneSimulator.ActiveCfg = Release|Any CPU
		{CF7DC324-231F-4CED-9B16-CF64A0774A97}.Release|iPhoneSimulator.Build.0 = Release|Any CPU
		{CF7DC324-231F-4CED-9B16-CF64A0774A97}.Release|iPhoneSimulator.Deploy.0 = Release|Any CPU
		{CF7DC324-231F-4CED-9B16-CF64A0774A97}.Release|x64.ActiveCfg = Release|Any CPU
		{CF7DC324-231F-4CED-9B16-CF64A0774A97}.Release|x64.Build.0 = Release|Any CPU
		{CF7DC324-231F-4CED-9B16-CF64A0774A97}.Release|x64.Deploy.0 = Release|Any CPU
		{CF7DC324-231F-4CED-9B16-CF64A0774A97}.Release|x86.ActiveCfg = Release|Any CPU
		{CF7DC324-231F-4CED-9B16-CF64A0774A97}.Release|x86.Build.0 = Release|Any CPU
		{CF7DC324-231F-4CED-9B16-CF64A0774A97}.Release|x86.Deploy.0 = Release|Any CPU
		{732B3282-02A1-4216-9DB1-91CDABC493D3}.Ad-Hoc|Any CPU.ActiveCfg = Ad-Hoc|iPhone
		{732B3282-02A1-4216-9DB1-91CDABC493D3}.Ad-Hoc|ARM.ActiveCfg = Ad-Hoc|iPhone
		{732B3282-02A1-4216-9DB1-91CDABC493D3}.Ad-Hoc|iPhone.ActiveCfg = Ad-Hoc|iPhone
		{732B3282-02A1-4216-9DB1-91CDABC493D3}.Ad-Hoc|iPhone.Build.0 = Ad-Hoc|iPhone
		{732B3282-02A1-4216-9DB1-91CDABC493D3}.Ad-Hoc|iPhoneSimulator.ActiveCfg = Ad-Hoc|iPhoneSimulator
		{732B3282-02A1-4216-9DB1-91CDABC493D3}.Ad-Hoc|iPhoneSimulator.Build.0 = Ad-Hoc|iPhoneSimulator
		{732B3282-02A1-4216-9DB1-91CDABC493D3}.Ad-Hoc|x64.ActiveCfg = Ad-Hoc|iPhone
		{732B3282-02A1-4216-9DB1-91CDABC493D3}.Ad-Hoc|x86.ActiveCfg = Ad-Hoc|iPhone
		{732B3282-02A1-4216-9DB1-91CDABC493D3}.AppStore|Any CPU.ActiveCfg = AppStore|iPhone
		{732B3282-02A1-4216-9DB1-91CDABC493D3}.AppStore|ARM.ActiveCfg = AppStore|iPhone
		{732B3282-02A1-4216-9DB1-91CDABC493D3}.AppStore|iPhone.ActiveCfg = AppStore|iPhone
		{732B3282-02A1-4216-9DB1-91CDABC493D3}.AppStore|iPhone.Build.0 = AppStore|iPhone
		{732B3282-02A1-4216-9DB1-91CDABC493D3}.AppStore|iPhoneSimulator.ActiveCfg = AppStore|iPhoneSimulator
		{732B3282-02A1-4216-9DB1-91CDABC493D3}.AppStore|iPhoneSimulator.Build.0 = AppStore|iPhoneSimulator
		{732B3282-02A1-4216-9DB1-91CDABC493D3}.AppStore|x64.ActiveCfg = AppStore|iPhone
		{732B3282-02A1-4216-9DB1-91CDABC493D3}.AppStore|x86.ActiveCfg = AppStore|iPhone
		{732B3282-02A1-4216-9DB1-91CDABC493D3}.Debug|Any CPU.ActiveCfg = Debug|iPhone
		{732B3282-02A1-4216-9DB1-91CDABC493D3}.Debug|ARM.ActiveCfg = Debug|iPhone
		{732B3282-02A1-4216-9DB1-91CDABC493D3}.Debug|iPhone.ActiveCfg = Debug|iPhone
		{732B3282-02A1-4216-9DB1-91CDABC493D3}.Debug|iPhone.Build.0 = Debug|iPhone
		{732B3282-02A1-4216-9DB1-91CDABC493D3}.Debug|iPhoneSimulator.ActiveCfg = Debug|iPhoneSimulator
		{732B3282-02A1-4216-9DB1-91CDABC493D3}.Debug|iPhoneSimulator.Build.0 = Debug|iPhoneSimulator
		{732B3282-02A1-4216-9DB1-91CDABC493D3}.Debug|x64.ActiveCfg = Debug|iPhone
		{732B3282-02A1-4216-9DB1-91CDABC493D3}.Debug|x86.ActiveCfg = Debug|iPhone
		{732B3282-02A1-4216-9DB1-91CDABC493D3}.Release|Any CPU.ActiveCfg = Release|iPhone
		{732B3282-02A1-4216-9DB1-91CDABC493D3}.Release|ARM.ActiveCfg = Release|iPhone
		{732B3282-02A1-4216-9DB1-91CDABC493D3}.Release|iPhone.ActiveCfg = Release|iPhone
		{732B3282-02A1-4216-9DB1-91CDABC493D3}.Release|iPhone.Build.0 = Release|iPhone
		{732B3282-02A1-4216-9DB1-91CDABC493D3}.Release|iPhoneSimulator.ActiveCfg = Release|iPhoneSimulator
		{732B3282-02A1-4216-9DB1-91CDABC493D3}.Release|iPhoneSimulator.Build.0 = Release|iPhoneSimulator
		{732B3282-02A1-4216-9DB1-91CDABC493D3}.Release|x64.ActiveCfg = Release|iPhone
		{732B3282-02A1-4216-9DB1-91CDABC493D3}.Release|x86.ActiveCfg = Release|iPhone
		{517C4AC8-2AF6-4A94-B168-7EAE8E110FC3}.Ad-Hoc|Any CPU.ActiveCfg = Release|Any CPU
		{517C4AC8-2AF6-4A94-B168-7EAE8E110FC3}.Ad-Hoc|Any CPU.Build.0 = Release|Any CPU
		{517C4AC8-2AF6-4A94-B168-7EAE8E110FC3}.Ad-Hoc|Any CPU.Deploy.0 = Release|Any CPU
		{517C4AC8-2AF6-4A94-B168-7EAE8E110FC3}.Ad-Hoc|ARM.ActiveCfg = Release|ARM
		{517C4AC8-2AF6-4A94-B168-7EAE8E110FC3}.Ad-Hoc|ARM.Build.0 = Release|ARM
		{517C4AC8-2AF6-4A94-B168-7EAE8E110FC3}.Ad-Hoc|ARM.Deploy.0 = Release|ARM
		{517C4AC8-2AF6-4A94-B168-7EAE8E110FC3}.Ad-Hoc|iPhone.ActiveCfg = Release|Any CPU
		{517C4AC8-2AF6-4A94-B168-7EAE8E110FC3}.Ad-Hoc|iPhone.Build.0 = Release|Any CPU
		{517C4AC8-2AF6-4A94-B168-7EAE8E110FC3}.Ad-Hoc|iPhone.Deploy.0 = Release|Any CPU
		{517C4AC8-2AF6-4A94-B168-7EAE8E110FC3}.Ad-Hoc|iPhoneSimulator.ActiveCfg = Release|Any CPU
		{517C4AC8-2AF6-4A94-B168-7EAE8E110FC3}.Ad-Hoc|iPhoneSimulator.Build.0 = Release|Any CPU
		{517C4AC8-2AF6-4A94-B168-7EAE8E110FC3}.Ad-Hoc|iPhoneSimulator.Deploy.0 = Release|Any CPU
		{517C4AC8-2AF6-4A94-B168-7EAE8E110FC3}.Ad-Hoc|x64.ActiveCfg = Release|Any CPU
		{517C4AC8-2AF6-4A94-B168-7EAE8E110FC3}.Ad-Hoc|x64.Build.0 = Release|Any CPU
		{517C4AC8-2AF6-4A94-B168-7EAE8E110FC3}.Ad-Hoc|x64.Deploy.0 = Release|Any CPU
		{517C4AC8-2AF6-4A94-B168-7EAE8E110FC3}.Ad-Hoc|x86.ActiveCfg = Release|x86
		{517C4AC8-2AF6-4A94-B168-7EAE8E110FC3}.Ad-Hoc|x86.Build.0 = Release|x86
		{517C4AC8-2AF6-4A94-B168-7EAE8E110FC3}.Ad-Hoc|x86.Deploy.0 = Release|x86
		{517C4AC8-2AF6-4A94-B168-7EAE8E110FC3}.AppStore|Any CPU.ActiveCfg = Release|Any CPU
		{517C4AC8-2AF6-4A94-B168-7EAE8E110FC3}.AppStore|Any CPU.Build.0 = Release|Any CPU
		{517C4AC8-2AF6-4A94-B168-7EAE8E110FC3}.AppStore|Any CPU.Deploy.0 = Release|Any CPU
		{517C4AC8-2AF6-4A94-B168-7EAE8E110FC3}.AppStore|ARM.ActiveCfg = Release|ARM
		{517C4AC8-2AF6-4A94-B168-7EAE8E110FC3}.AppStore|ARM.Build.0 = Release|ARM
		{517C4AC8-2AF6-4A94-B168-7EAE8E110FC3}.AppStore|ARM.Deploy.0 = Release|ARM
		{517C4AC8-2AF6-4A94-B168-7EAE8E110FC3}.AppStore|iPhone.ActiveCfg = Release|Any CPU
		{517C4AC8-2AF6-4A94-B168-7EAE8E110FC3}.AppStore|iPhone.Build.0 = Release|Any CPU
		{517C4AC8-2AF6-4A94-B168-7EAE8E110FC3}.AppStore|iPhone.Deploy.0 = Release|Any CPU
		{517C4AC8-2AF6-4A94-B168-7EAE8E110FC3}.AppStore|iPhoneSimulator.ActiveCfg = Release|Any CPU
		{517C4AC8-2AF6-4A94-B168-7EAE8E110FC3}.AppStore|iPhoneSimulator.Build.0 = Release|Any CPU
		{517C4AC8-2AF6-4A94-B168-7EAE8E110FC3}.AppStore|iPhoneSimulator.Deploy.0 = Release|Any CPU
		{517C4AC8-2AF6-4A94-B168-7EAE8E110FC3}.AppStore|x64.ActiveCfg = Release|Any CPU
		{517C4AC8-2AF6-4A94-B168-7EAE8E110FC3}.AppStore|x64.Build.0 = Release|Any CPU
		{517C4AC8-2AF6-4A94-B168-7EAE8E110FC3}.AppStore|x64.Deploy.0 = Release|Any CPU
		{517C4AC8-2AF6-4A94-B168-7EAE8E110FC3}.AppStore|x86.ActiveCfg = Release|x86
		{517C4AC8-2AF6-4A94-B168-7EAE8E110FC3}.AppStore|x86.Build.0 = Release|x86
		{517C4AC8-2AF6-4A94-B168-7EAE8E110FC3}.AppStore|x86.Deploy.0 = Release|x86
		{517C4AC8-2AF6-4A94-B168-7EAE8E110FC3}.Debug|Any CPU.ActiveCfg = Debug|Any CPU
		{517C4AC8-2AF6-4A94-B168-7EAE8E110FC3}.Debug|Any CPU.Build.0 = Debug|Any CPU
		{517C4AC8-2AF6-4A94-B168-7EAE8E110FC3}.Debug|Any CPU.Deploy.0 = Debug|Any CPU
		{517C4AC8-2AF6-4A94-B168-7EAE8E110FC3}.Debug|ARM.ActiveCfg = Debug|ARM
		{517C4AC8-2AF6-4A94-B168-7EAE8E110FC3}.Debug|ARM.Build.0 = Debug|ARM
		{517C4AC8-2AF6-4A94-B168-7EAE8E110FC3}.Debug|ARM.Deploy.0 = Debug|ARM
		{517C4AC8-2AF6-4A94-B168-7EAE8E110FC3}.Debug|iPhone.ActiveCfg = Debug|Any CPU
		{517C4AC8-2AF6-4A94-B168-7EAE8E110FC3}.Debug|iPhone.Build.0 = Debug|Any CPU
		{517C4AC8-2AF6-4A94-B168-7EAE8E110FC3}.Debug|iPhone.Deploy.0 = Debug|Any CPU
		{517C4AC8-2AF6-4A94-B168-7EAE8E110FC3}.Debug|iPhoneSimulator.ActiveCfg = Debug|Any CPU
		{517C4AC8-2AF6-4A94-B168-7EAE8E110FC3}.Debug|iPhoneSimulator.Build.0 = Debug|Any CPU
		{517C4AC8-2AF6-4A94-B168-7EAE8E110FC3}.Debug|iPhoneSimulator.Deploy.0 = Debug|Any CPU
		{517C4AC8-2AF6-4A94-B168-7EAE8E110FC3}.Debug|x64.ActiveCfg = Debug|Any CPU
		{517C4AC8-2AF6-4A94-B168-7EAE8E110FC3}.Debug|x64.Build.0 = Debug|Any CPU
		{517C4AC8-2AF6-4A94-B168-7EAE8E110FC3}.Debug|x64.Deploy.0 = Debug|Any CPU
		{517C4AC8-2AF6-4A94-B168-7EAE8E110FC3}.Debug|x86.ActiveCfg = Debug|x86
		{517C4AC8-2AF6-4A94-B168-7EAE8E110FC3}.Debug|x86.Build.0 = Debug|x86
		{517C4AC8-2AF6-4A94-B168-7EAE8E110FC3}.Debug|x86.Deploy.0 = Debug|x86
		{517C4AC8-2AF6-4A94-B168-7EAE8E110FC3}.Release|Any CPU.ActiveCfg = Release|Any CPU
		{517C4AC8-2AF6-4A94-B168-7EAE8E110FC3}.Release|Any CPU.Build.0 = Release|Any CPU
		{517C4AC8-2AF6-4A94-B168-7EAE8E110FC3}.Release|Any CPU.Deploy.0 = Release|Any CPU
		{517C4AC8-2AF6-4A94-B168-7EAE8E110FC3}.Release|ARM.ActiveCfg = Release|ARM
		{517C4AC8-2AF6-4A94-B168-7EAE8E110FC3}.Release|ARM.Build.0 = Release|ARM
		{517C4AC8-2AF6-4A94-B168-7EAE8E110FC3}.Release|ARM.Deploy.0 = Release|ARM
		{517C4AC8-2AF6-4A94-B168-7EAE8E110FC3}.Release|iPhone.ActiveCfg = Release|Any CPU
		{517C4AC8-2AF6-4A94-B168-7EAE8E110FC3}.Release|iPhone.Build.0 = Release|Any CPU
		{517C4AC8-2AF6-4A94-B168-7EAE8E110FC3}.Release|iPhone.Deploy.0 = Release|Any CPU
		{517C4AC8-2AF6-4A94-B168-7EAE8E110FC3}.Release|iPhoneSimulator.ActiveCfg = Release|Any CPU
		{517C4AC8-2AF6-4A94-B168-7EAE8E110FC3}.Release|iPhoneSimulator.Build.0 = Release|Any CPU
		{517C4AC8-2AF6-4A94-B168-7EAE8E110FC3}.Release|iPhoneSimulator.Deploy.0 = Release|Any CPU
		{517C4AC8-2AF6-4A94-B168-7EAE8E110FC3}.Release|x64.ActiveCfg = Release|Any CPU
		{517C4AC8-2AF6-4A94-B168-7EAE8E110FC3}.Release|x64.Build.0 = Release|Any CPU
		{517C4AC8-2AF6-4A94-B168-7EAE8E110FC3}.Release|x64.Deploy.0 = Release|Any CPU
		{517C4AC8-2AF6-4A94-B168-7EAE8E110FC3}.Release|x86.ActiveCfg = Release|x86
		{517C4AC8-2AF6-4A94-B168-7EAE8E110FC3}.Release|x86.Build.0 = Release|x86
		{517C4AC8-2AF6-4A94-B168-7EAE8E110FC3}.Release|x86.Deploy.0 = Release|x86
		{E6362B47-78D7-49A5-B218-75FB5066608C}.Ad-Hoc|Any CPU.ActiveCfg = Release|x86
		{E6362B47-78D7-49A5-B218-75FB5066608C}.Ad-Hoc|Any CPU.Build.0 = Release|x86
		{E6362B47-78D7-49A5-B218-75FB5066608C}.Ad-Hoc|Any CPU.Deploy.0 = Release|x86
		{E6362B47-78D7-49A5-B218-75FB5066608C}.Ad-Hoc|ARM.ActiveCfg = Release|ARM
		{E6362B47-78D7-49A5-B218-75FB5066608C}.Ad-Hoc|ARM.Build.0 = Release|ARM
		{E6362B47-78D7-49A5-B218-75FB5066608C}.Ad-Hoc|ARM.Deploy.0 = Release|ARM
		{E6362B47-78D7-49A5-B218-75FB5066608C}.Ad-Hoc|iPhone.ActiveCfg = Release|x86
		{E6362B47-78D7-49A5-B218-75FB5066608C}.Ad-Hoc|iPhone.Build.0 = Release|x86
		{E6362B47-78D7-49A5-B218-75FB5066608C}.Ad-Hoc|iPhone.Deploy.0 = Release|x86
		{E6362B47-78D7-49A5-B218-75FB5066608C}.Ad-Hoc|iPhoneSimulator.ActiveCfg = Release|x86
		{E6362B47-78D7-49A5-B218-75FB5066608C}.Ad-Hoc|iPhoneSimulator.Build.0 = Release|x86
		{E6362B47-78D7-49A5-B218-75FB5066608C}.Ad-Hoc|iPhoneSimulator.Deploy.0 = Release|x86
		{E6362B47-78D7-49A5-B218-75FB5066608C}.Ad-Hoc|x64.ActiveCfg = Release|x64
		{E6362B47-78D7-49A5-B218-75FB5066608C}.Ad-Hoc|x64.Build.0 = Release|x64
		{E6362B47-78D7-49A5-B218-75FB5066608C}.Ad-Hoc|x64.Deploy.0 = Release|x64
		{E6362B47-78D7-49A5-B218-75FB5066608C}.Ad-Hoc|x86.ActiveCfg = Release|x86
		{E6362B47-78D7-49A5-B218-75FB5066608C}.Ad-Hoc|x86.Build.0 = Release|x86
		{E6362B47-78D7-49A5-B218-75FB5066608C}.Ad-Hoc|x86.Deploy.0 = Release|x86
		{E6362B47-78D7-49A5-B218-75FB5066608C}.AppStore|Any CPU.ActiveCfg = Release|x86
		{E6362B47-78D7-49A5-B218-75FB5066608C}.AppStore|Any CPU.Build.0 = Release|x86
		{E6362B47-78D7-49A5-B218-75FB5066608C}.AppStore|Any CPU.Deploy.0 = Release|x86
		{E6362B47-78D7-49A5-B218-75FB5066608C}.AppStore|ARM.ActiveCfg = Release|ARM
		{E6362B47-78D7-49A5-B218-75FB5066608C}.AppStore|ARM.Build.0 = Release|ARM
		{E6362B47-78D7-49A5-B218-75FB5066608C}.AppStore|ARM.Deploy.0 = Release|ARM
		{E6362B47-78D7-49A5-B218-75FB5066608C}.AppStore|iPhone.ActiveCfg = Release|x86
		{E6362B47-78D7-49A5-B218-75FB5066608C}.AppStore|iPhone.Build.0 = Release|x86
		{E6362B47-78D7-49A5-B218-75FB5066608C}.AppStore|iPhone.Deploy.0 = Release|x86
		{E6362B47-78D7-49A5-B218-75FB5066608C}.AppStore|iPhoneSimulator.ActiveCfg = Release|x86
		{E6362B47-78D7-49A5-B218-75FB5066608C}.AppStore|iPhoneSimulator.Build.0 = Release|x86
		{E6362B47-78D7-49A5-B218-75FB5066608C}.AppStore|iPhoneSimulator.Deploy.0 = Release|x86
		{E6362B47-78D7-49A5-B218-75FB5066608C}.AppStore|x64.ActiveCfg = Release|x64
		{E6362B47-78D7-49A5-B218-75FB5066608C}.AppStore|x64.Build.0 = Release|x64
		{E6362B47-78D7-49A5-B218-75FB5066608C}.AppStore|x64.Deploy.0 = Release|x64
		{E6362B47-78D7-49A5-B218-75FB5066608C}.AppStore|x86.ActiveCfg = Release|x86
		{E6362B47-78D7-49A5-B218-75FB5066608C}.AppStore|x86.Build.0 = Release|x86
		{E6362B47-78D7-49A5-B218-75FB5066608C}.AppStore|x86.Deploy.0 = Release|x86
		{E6362B47-78D7-49A5-B218-75FB5066608C}.Debug|Any CPU.ActiveCfg = Debug|x86
		{E6362B47-78D7-49A5-B218-75FB5066608C}.Debug|Any CPU.Build.0 = Debug|x86
		{E6362B47-78D7-49A5-B218-75FB5066608C}.Debug|Any CPU.Deploy.0 = Debug|x86
		{E6362B47-78D7-49A5-B218-75FB5066608C}.Debug|ARM.ActiveCfg = Debug|ARM
		{E6362B47-78D7-49A5-B218-75FB5066608C}.Debug|ARM.Build.0 = Debug|ARM
		{E6362B47-78D7-49A5-B218-75FB5066608C}.Debug|ARM.Deploy.0 = Debug|ARM
		{E6362B47-78D7-49A5-B218-75FB5066608C}.Debug|iPhone.ActiveCfg = Debug|x86
		{E6362B47-78D7-49A5-B218-75FB5066608C}.Debug|iPhoneSimulator.ActiveCfg = Debug|x86
		{E6362B47-78D7-49A5-B218-75FB5066608C}.Debug|x64.ActiveCfg = Debug|x64
		{E6362B47-78D7-49A5-B218-75FB5066608C}.Debug|x64.Build.0 = Debug|x64
		{E6362B47-78D7-49A5-B218-75FB5066608C}.Debug|x64.Deploy.0 = Debug|x64
		{E6362B47-78D7-49A5-B218-75FB5066608C}.Debug|x86.ActiveCfg = Debug|x86
		{E6362B47-78D7-49A5-B218-75FB5066608C}.Debug|x86.Build.0 = Debug|x86
		{E6362B47-78D7-49A5-B218-75FB5066608C}.Debug|x86.Deploy.0 = Debug|x86
		{E6362B47-78D7-49A5-B218-75FB5066608C}.Release|Any CPU.ActiveCfg = Release|x86
		{E6362B47-78D7-49A5-B218-75FB5066608C}.Release|ARM.ActiveCfg = Release|ARM
		{E6362B47-78D7-49A5-B218-75FB5066608C}.Release|ARM.Build.0 = Release|ARM
		{E6362B47-78D7-49A5-B218-75FB5066608C}.Release|ARM.Deploy.0 = Release|ARM
		{E6362B47-78D7-49A5-B218-75FB5066608C}.Release|iPhone.ActiveCfg = Release|x86
		{E6362B47-78D7-49A5-B218-75FB5066608C}.Release|iPhoneSimulator.ActiveCfg = Release|x86
		{E6362B47-78D7-49A5-B218-75FB5066608C}.Release|x64.ActiveCfg = Release|x64
		{E6362B47-78D7-49A5-B218-75FB5066608C}.Release|x64.Build.0 = Release|x64
		{E6362B47-78D7-49A5-B218-75FB5066608C}.Release|x64.Deploy.0 = Release|x64
		{E6362B47-78D7-49A5-B218-75FB5066608C}.Release|x86.ActiveCfg = Release|x86
		{E6362B47-78D7-49A5-B218-75FB5066608C}.Release|x86.Build.0 = Release|x86
		{E6362B47-78D7-49A5-B218-75FB5066608C}.Release|x86.Deploy.0 = Release|x86
		{5DDEB973-B015-49B4-B225-817F844C5D13}.Ad-Hoc|Any CPU.ActiveCfg = Release|Any CPU
		{5DDEB973-B015-49B4-B225-817F844C5D13}.Ad-Hoc|Any CPU.Build.0 = Release|Any CPU
		{5DDEB973-B015-49B4-B225-817F844C5D13}.Ad-Hoc|Any CPU.Deploy.0 = Release|Any CPU
		{5DDEB973-B015-49B4-B225-817F844C5D13}.Ad-Hoc|ARM.ActiveCfg = Release|ARM
		{5DDEB973-B015-49B4-B225-817F844C5D13}.Ad-Hoc|ARM.Build.0 = Release|ARM
		{5DDEB973-B015-49B4-B225-817F844C5D13}.Ad-Hoc|ARM.Deploy.0 = Release|ARM
		{5DDEB973-B015-49B4-B225-817F844C5D13}.Ad-Hoc|iPhone.ActiveCfg = Release|Any CPU
		{5DDEB973-B015-49B4-B225-817F844C5D13}.Ad-Hoc|iPhone.Build.0 = Release|Any CPU
		{5DDEB973-B015-49B4-B225-817F844C5D13}.Ad-Hoc|iPhone.Deploy.0 = Release|Any CPU
		{5DDEB973-B015-49B4-B225-817F844C5D13}.Ad-Hoc|iPhoneSimulator.ActiveCfg = Release|Any CPU
		{5DDEB973-B015-49B4-B225-817F844C5D13}.Ad-Hoc|iPhoneSimulator.Build.0 = Release|Any CPU
		{5DDEB973-B015-49B4-B225-817F844C5D13}.Ad-Hoc|iPhoneSimulator.Deploy.0 = Release|Any CPU
		{5DDEB973-B015-49B4-B225-817F844C5D13}.Ad-Hoc|x64.ActiveCfg = Release|x64
		{5DDEB973-B015-49B4-B225-817F844C5D13}.Ad-Hoc|x64.Build.0 = Release|x64
		{5DDEB973-B015-49B4-B225-817F844C5D13}.Ad-Hoc|x64.Deploy.0 = Release|x64
		{5DDEB973-B015-49B4-B225-817F844C5D13}.Ad-Hoc|x86.ActiveCfg = Release|x86
		{5DDEB973-B015-49B4-B225-817F844C5D13}.Ad-Hoc|x86.Build.0 = Release|x86
		{5DDEB973-B015-49B4-B225-817F844C5D13}.Ad-Hoc|x86.Deploy.0 = Release|x86
		{5DDEB973-B015-49B4-B225-817F844C5D13}.AppStore|Any CPU.ActiveCfg = Release|Any CPU
		{5DDEB973-B015-49B4-B225-817F844C5D13}.AppStore|Any CPU.Build.0 = Release|Any CPU
		{5DDEB973-B015-49B4-B225-817F844C5D13}.AppStore|Any CPU.Deploy.0 = Release|Any CPU
		{5DDEB973-B015-49B4-B225-817F844C5D13}.AppStore|ARM.ActiveCfg = Release|ARM
		{5DDEB973-B015-49B4-B225-817F844C5D13}.AppStore|ARM.Build.0 = Release|ARM
		{5DDEB973-B015-49B4-B225-817F844C5D13}.AppStore|ARM.Deploy.0 = Release|ARM
		{5DDEB973-B015-49B4-B225-817F844C5D13}.AppStore|iPhone.ActiveCfg = Release|Any CPU
		{5DDEB973-B015-49B4-B225-817F844C5D13}.AppStore|iPhone.Build.0 = Release|Any CPU
		{5DDEB973-B015-49B4-B225-817F844C5D13}.AppStore|iPhone.Deploy.0 = Release|Any CPU
		{5DDEB973-B015-49B4-B225-817F844C5D13}.AppStore|iPhoneSimulator.ActiveCfg = Release|Any CPU
		{5DDEB973-B015-49B4-B225-817F844C5D13}.AppStore|iPhoneSimulator.Build.0 = Release|Any CPU
		{5DDEB973-B015-49B4-B225-817F844C5D13}.AppStore|iPhoneSimulator.Deploy.0 = Release|Any CPU
		{5DDEB973-B015-49B4-B225-817F844C5D13}.AppStore|x64.ActiveCfg = Release|x64
		{5DDEB973-B015-49B4-B225-817F844C5D13}.AppStore|x64.Build.0 = Release|x64
		{5DDEB973-B015-49B4-B225-817F844C5D13}.AppStore|x64.Deploy.0 = Release|x64
		{5DDEB973-B015-49B4-B225-817F844C5D13}.AppStore|x86.ActiveCfg = Release|x86
		{5DDEB973-B015-49B4-B225-817F844C5D13}.AppStore|x86.Build.0 = Release|x86
		{5DDEB973-B015-49B4-B225-817F844C5D13}.AppStore|x86.Deploy.0 = Release|x86
		{5DDEB973-B015-49B4-B225-817F844C5D13}.Debug|Any CPU.ActiveCfg = Debug|Any CPU
		{5DDEB973-B015-49B4-B225-817F844C5D13}.Debug|Any CPU.Build.0 = Debug|Any CPU
		{5DDEB973-B015-49B4-B225-817F844C5D13}.Debug|Any CPU.Deploy.0 = Debug|Any CPU
		{5DDEB973-B015-49B4-B225-817F844C5D13}.Debug|ARM.ActiveCfg = Debug|ARM
		{5DDEB973-B015-49B4-B225-817F844C5D13}.Debug|ARM.Build.0 = Debug|ARM
		{5DDEB973-B015-49B4-B225-817F844C5D13}.Debug|ARM.Deploy.0 = Debug|ARM
		{5DDEB973-B015-49B4-B225-817F844C5D13}.Debug|iPhone.ActiveCfg = Debug|Any CPU
		{5DDEB973-B015-49B4-B225-817F844C5D13}.Debug|iPhone.Build.0 = Debug|Any CPU
		{5DDEB973-B015-49B4-B225-817F844C5D13}.Debug|iPhone.Deploy.0 = Debug|Any CPU
		{5DDEB973-B015-49B4-B225-817F844C5D13}.Debug|iPhoneSimulator.ActiveCfg = Debug|Any CPU
		{5DDEB973-B015-49B4-B225-817F844C5D13}.Debug|iPhoneSimulator.Build.0 = Debug|Any CPU
		{5DDEB973-B015-49B4-B225-817F844C5D13}.Debug|iPhoneSimulator.Deploy.0 = Debug|Any CPU
		{5DDEB973-B015-49B4-B225-817F844C5D13}.Debug|x64.ActiveCfg = Debug|x64
		{5DDEB973-B015-49B4-B225-817F844C5D13}.Debug|x64.Build.0 = Debug|x64
		{5DDEB973-B015-49B4-B225-817F844C5D13}.Debug|x64.Deploy.0 = Debug|x64
		{5DDEB973-B015-49B4-B225-817F844C5D13}.Debug|x86.ActiveCfg = Debug|x86
		{5DDEB973-B015-49B4-B225-817F844C5D13}.Debug|x86.Build.0 = Debug|x86
		{5DDEB973-B015-49B4-B225-817F844C5D13}.Debug|x86.Deploy.0 = Debug|x86
		{5DDEB973-B015-49B4-B225-817F844C5D13}.Release|Any CPU.ActiveCfg = Release|Any CPU
		{5DDEB973-B015-49B4-B225-817F844C5D13}.Release|Any CPU.Build.0 = Release|Any CPU
		{5DDEB973-B015-49B4-B225-817F844C5D13}.Release|Any CPU.Deploy.0 = Release|Any CPU
		{5DDEB973-B015-49B4-B225-817F844C5D13}.Release|ARM.ActiveCfg = Release|ARM
		{5DDEB973-B015-49B4-B225-817F844C5D13}.Release|ARM.Build.0 = Release|ARM
		{5DDEB973-B015-49B4-B225-817F844C5D13}.Release|ARM.Deploy.0 = Release|ARM
		{5DDEB973-B015-49B4-B225-817F844C5D13}.Release|iPhone.ActiveCfg = Release|Any CPU
		{5DDEB973-B015-49B4-B225-817F844C5D13}.Release|iPhone.Build.0 = Release|Any CPU
		{5DDEB973-B015-49B4-B225-817F844C5D13}.Release|iPhone.Deploy.0 = Release|Any CPU
		{5DDEB973-B015-49B4-B225-817F844C5D13}.Release|iPhoneSimulator.ActiveCfg = Release|Any CPU
		{5DDEB973-B015-49B4-B225-817F844C5D13}.Release|iPhoneSimulator.Build.0 = Release|Any CPU
		{5DDEB973-B015-49B4-B225-817F844C5D13}.Release|iPhoneSimulator.Deploy.0 = Release|Any CPU
		{5DDEB973-B015-49B4-B225-817F844C5D13}.Release|x64.ActiveCfg = Release|x64
		{5DDEB973-B015-49B4-B225-817F844C5D13}.Release|x64.Build.0 = Release|x64
		{5DDEB973-B015-49B4-B225-817F844C5D13}.Release|x64.Deploy.0 = Release|x64
		{5DDEB973-B015-49B4-B225-817F844C5D13}.Release|x86.ActiveCfg = Release|x86
		{5DDEB973-B015-49B4-B225-817F844C5D13}.Release|x86.Build.0 = Release|x86
		{5DDEB973-B015-49B4-B225-817F844C5D13}.Release|x86.Deploy.0 = Release|x86
	EndGlobalSection
	GlobalSection(SolutionProperties) = preSolution
		HideSolutionNode = FALSE
	EndGlobalSection
EndGlobal
